
Microsoft Visual Studio Solution File, Format Version 12.00
# Visual Studio Version 16
VisualStudioVersion = 16.0.31410.357
MinimumVisualStudioVersion = 10.0.40219.1
Project("{FAE04EC0-301F-11D3-BF4B-00C04F79EFBC}") = "CSTL", "CSTL\CSTL.csproj", "{6BD7D67E-6886-4FED-BD1F-4C1BFD9471FC}"
EndProject
Global
	GlobalSection(SolutionConfigurationPlatforms) = preSolution
		Debug|Any CPU = Debug|Any CPU
		Release|Any CPU = Release|Any CPU
	EndGlobalSection
	GlobalSection(ProjectConfigurationPlatforms) = postSolution
		{6BD7D67E-6886-4FED-BD1F-4C1BFD9471FC}.Debug|Any CPU.ActiveCfg = Debug|Any CPU
		{6BD7D67E-6886-4FED-BD1F-4C1BFD9471FC}.Debug|Any CPU.Build.0 = Debug|Any CPU
		{6BD7D67E-6886-4FED-BD1F-4C1BFD9471FC}.Release|Any CPU.ActiveCfg = Release|Any CPU
		{6BD7D67E-6886-4FED-BD1F-4C1BFD9471FC}.Release|Any CPU.Build.0 = Release|Any CPU
	EndGlobalSection
	GlobalSection(SolutionProperties) = preSolution
		HideSolutionNode = FALSE
	EndGlobalSection
	GlobalSection(ExtensibilityGlobals) = postSolution
		SolutionGuid = {2B95AC8E-EC7E-4C9B-B3CD-C04D565151E5}
	EndGlobalSection
EndGlobal
